{
  "version": 4,
  "terraform_version": "0.13.4",
  "serial": 8,
  "lineage": "6a8ffb1e-f007-d02d-0465-bfa7ba91a8bf",
  "outputs": {},
  "resources": [
    {
      "mode": "managed",
      "type": "aws_vpc",
      "name": "myvpc",
      "provider": "provider[\"registry.terraform.io/hashicorp/aws\"]",
      "instances": [
        {
          "schema_version": 1,
          "attributes": {
            "arn": "arn:aws:ec2:ap-southeast-1:902000921431:vpc/vpc-0b8c49cf34836221a",
            "assign_generated_ipv6_cidr_block": false,
            "cidr_block": "10.0.0.0/16",
            "default_network_acl_id": "acl-0e46da3ec8dd8e536",
            "default_route_table_id": "rtb-0f323ff1d6d2af3e1",
            "default_security_group_id": "sg-01b51b5d1df970d7d",
            "dhcp_options_id": "dopt-25fa3141",
            "enable_classiclink": false,
            "enable_classiclink_dns_support": false,
            "enable_dns_hostnames": false,
            "enable_dns_support": true,
            "id": "vpc-0b8c49cf34836221a",
            "instance_tenancy": "default",
            "ipv6_association_id": "",
            "ipv6_cidr_block": "",
            "main_route_table_id": "rtb-0f323ff1d6d2af3e1",
            "owner_id": "902000921431",
            "tags": {
              "Name": "myvpc"
            }
          },
          "private": "eyJzY2hlbWFfdmVyc2lvbiI6IjEifQ=="
        }
      ]
    }
  ]
}
